
Microsoft Visual Studio Solution File, Format Version 12.00
# Visual Studio Version 17
VisualStudioVersion = 17.12.35521.163
MinimumVisualStudioVersion = 10.0.40219.1
Project("{FAE04EC0-301F-11D3-BF4B-00C04F79EFBC}") = "WindowsFormsApp1", "WindowsFormsApp1\WindowsFormsApp1.csproj", "{1490AF83-1F37-4114-A924-2C8EBA7D8979}"
EndProject
Project("{FAE04EC0-301F-11D3-BF4B-00C04F79EFBC}") = "WindowsFormsApp2", "WindowsFormsApp2\WindowsFormsApp2.csproj", "{CE561289-A4C9-4F15-B656-40622B6F173D}"
EndProject
Project("{FAE04EC0-301F-11D3-BF4B-00C04F79EFBC}") = "WindowsFormsApp3", "WindowsFormsApp3\WindowsFormsApp3.csproj", "{3850406F-9137-4B47-A1F7-40B47E6A6B9D}"
EndProject
Project("{FAE04EC0-301F-11D3-BF4B-00C04F79EFBC}") = "WindowsFormsApp4", "WindowsFormsApp4\WindowsFormsApp4.csproj", "{3D710F60-8367-468E-811F-C67EFE056A40}"
EndProject
Project("{FAE04EC0-301F-11D3-BF4B-00C04F79EFBC}") = "WindowsFormsApp6", "WindowsFormsApp6\WindowsFormsApp6.csproj", "{9CC8843E-3BDC-4D3E-99DD-16D2C634F1B7}"
EndProject
Project("{FAE04EC0-301F-11D3-BF4B-00C04F79EFBC}") = "WindowsFormsApp7", "WindowsFormsApp7\WindowsFormsApp7.csproj", "{94959AD8-BE24-4CE8-B781-F73B8F766372}"
EndProject
Project("{FAE04EC0-301F-11D3-BF4B-00C04F79EFBC}") = "WindowsFormsApp8", "WindowsFormsApp8\WindowsFormsApp8.csproj", "{B374B93E-87BA-4DDC-93E2-DE781B89C735}"
EndProject
Project("{FAE04EC0-301F-11D3-BF4B-00C04F79EFBC}") = "WindowsFormsApp9", "WindowsFormsApp9\WindowsFormsApp9.csproj", "{EB893F69-E9B8-4C3B-B66C-57B22F949F6D}"
EndProject
Global
	GlobalSection(SolutionConfigurationPlatforms) = preSolution
		Debug|Any CPU = Debug|Any CPU
		Release|Any CPU = Release|Any CPU
	EndGlobalSection
	GlobalSection(ProjectConfigurationPlatforms) = postSolution
		{1490AF83-1F37-4114-A924-2C8EBA7D8979}.Debug|Any CPU.ActiveCfg = Debug|Any CPU
		{1490AF83-1F37-4114-A924-2C8EBA7D8979}.Debug|Any CPU.Build.0 = Debug|Any CPU
		{1490AF83-1F37-4114-A924-2C8EBA7D8979}.Release|Any CPU.ActiveCfg = Release|Any CPU
		{1490AF83-1F37-4114-A924-2C8EBA7D8979}.Release|Any CPU.Build.0 = Release|Any CPU
		{CE561289-A4C9-4F15-B656-40622B6F173D}.Debug|Any CPU.ActiveCfg = Debug|Any CPU
		{CE561289-A4C9-4F15-B656-40622B6F173D}.Debug|Any CPU.Build.0 = Debug|Any CPU
		{CE561289-A4C9-4F15-B656-40622B6F173D}.Release|Any CPU.ActiveCfg = Release|Any CPU
		{CE561289-A4C9-4F15-B656-40622B6F173D}.Release|Any CPU.Build.0 = Release|Any CPU
		{3850406F-9137-4B47-A1F7-40B47E6A6B9D}.Debug|Any CPU.ActiveCfg = Debug|Any CPU
		{3850406F-9137-4B47-A1F7-40B47E6A6B9D}.Debug|Any CPU.Build.0 = Debug|Any CPU
		{3850406F-9137-4B47-A1F7-40B47E6A6B9D}.Release|Any CPU.ActiveCfg = Release|Any CPU
		{3850406F-9137-4B47-A1F7-40B47E6A6B9D}.Release|Any CPU.Build.0 = Release|Any CPU
		{3D710F60-8367-468E-811F-C67EFE056A40}.Debug|Any CPU.ActiveCfg = Debug|Any CPU
		{3D710F60-8367-468E-811F-C67EFE056A40}.Debug|Any CPU.Build.0 = Debug|Any CPU
		{3D710F60-8367-468E-811F-C67EFE056A40}.Release|Any CPU.ActiveCfg = Release|Any CPU
		{3D710F60-8367-468E-811F-C67EFE056A40}.Release|Any CPU.Build.0 = Release|Any CPU
		{9CC8843E-3BDC-4D3E-99DD-16D2C634F1B7}.Debug|Any CPU.ActiveCfg = Debug|Any CPU
		{9CC8843E-3BDC-4D3E-99DD-16D2C634F1B7}.Debug|Any CPU.Build.0 = Debug|Any CPU
		{9CC8843E-3BDC-4D3E-99DD-16D2C634F1B7}.Release|Any CPU.ActiveCfg = Release|Any CPU
		{9CC8843E-3BDC-4D3E-99DD-16D2C634F1B7}.Release|Any CPU.Build.0 = Release|Any CPU
		{94959AD8-BE24-4CE8-B781-F73B8F766372}.Debug|Any CPU.ActiveCfg = Debug|Any CPU
		{94959AD8-BE24-4CE8-B781-F73B8F766372}.Debug|Any CPU.Build.0 = Debug|Any CPU
		{94959AD8-BE24-4CE8-B781-F73B8F766372}.Release|Any CPU.ActiveCfg = Release|Any CPU
		{94959AD8-BE24-4CE8-B781-F73B8F766372}.Release|Any CPU.Build.0 = Release|Any CPU
		{B374B93E-87BA-4DDC-93E2-DE781B89C735}.Debug|Any CPU.ActiveCfg = Debug|Any CPU
		{B374B93E-87BA-4DDC-93E2-DE781B89C735}.Debug|Any CPU.Build.0 = Debug|Any CPU
		{B374B93E-87BA-4DDC-93E2-DE781B89C735}.Release|Any CPU.ActiveCfg = Release|Any CPU
		{B374B93E-87BA-4DDC-93E2-DE781B89C735}.Release|Any CPU.Build.0 = Release|Any CPU
		{EB893F69-E9B8-4C3B-B66C-57B22F949F6D}.Debug|Any CPU.ActiveCfg = Debug|Any CPU
		{EB893F69-E9B8-4C3B-B66C-57B22F949F6D}.Debug|Any CPU.Build.0 = Debug|Any CPU
		{EB893F69-E9B8-4C3B-B66C-57B22F949F6D}.Release|Any CPU.ActiveCfg = Release|Any CPU
		{EB893F69-E9B8-4C3B-B66C-57B22F949F6D}.Release|Any CPU.Build.0 = Release|Any CPU
	EndGlobalSection
	GlobalSection(SolutionProperties) = preSolution
		HideSolutionNode = FALSE
	EndGlobalSection
EndGlobal
